
Microsoft Visual Studio Solution File, Format Version 12.00
# Visual Studio 15
VisualStudioVersion = 15.0.28307.421
MinimumVisualStudioVersion = 10.0.40219.1
Project("{FAE04EC0-301F-11D3-BF4B-00C04F79EFBC}") = "CityInfo.API", "CityInfo.API\CityInfo.API.csproj", "{29060F55-6B06-46CA-BE74-40A1571B3163}"
EndProject
Global
	GlobalSection(SolutionConfigurationPlatforms) = preSolution
		Debug|Any CPU = Debug|Any CPU
		Release|Any CPU = Release|Any CPU
	EndGlobalSection
	GlobalSection(ProjectConfigurationPlatforms) = postSolution
		{29060F55-6B06-46CA-BE74-40A1571B3163}.Debug|Any CPU.ActiveCfg = Debug|Any CPU
		{29060F55-6B06-46CA-BE74-40A1571B3163}.Debug|Any CPU.Build.0 = Debug|Any CPU
		{29060F55-6B06-46CA-BE74-40A1571B3163}.Release|Any CPU.ActiveCfg = Release|Any CPU
		{29060F55-6B06-46CA-BE74-40A1571B3163}.Release|Any CPU.Build.0 = Release|Any CPU
	EndGlobalSection
	GlobalSection(SolutionProperties) = preSolution
		HideSolutionNode = FALSE
	EndGlobalSection
	GlobalSection(ExtensibilityGlobals) = postSolution
		SolutionGuid = {46D421EA-1DA3-46D7-8953-200A2109191B}
	EndGlobalSection
EndGlobal
